// !$*UTF8*$!
{
	archiveVersion = 1;
	classes = {
	};
	objectVersion = 56;
	objects = {

/* Begin PBXBuildFile section */
		201F676E294E3CB100F2E903 /* xmassongbgm.mp3 in Resources */ = {isa = PBXBuildFile; fileRef = 201F676D294E3CB000F2E903 /* xmassongbgm.mp3 */; };
		201F6770294E3EB000F2E903 /* Sound.swift in Sources */ = {isa = PBXBuildFile; fileRef = 201F676F294E3EB000F2E903 /* Sound.swift */; };
		9C0F3C0D294CC9B30031CE28 /* calendarControll.swift in Sources */ = {isa = PBXBuildFile; fileRef = 9C0F3C0C294CC9B30031CE28 /* calendarControll.swift */; };
		9C0F3C14294CEEBD0031CE28 /* FirebaseFirestore in Frameworks */ = {isa = PBXBuildFile; productRef = 9C0F3C13294CEEBD0031CE28 /* FirebaseFirestore */; };
		9C0F3C16294D96680031CE28 /* chatViewComtroller.swift in Sources */ = {isa = PBXBuildFile; fileRef = 9C0F3C15294D96680031CE28 /* chatViewComtroller.swift */; };
		9C0F3C17294D96680031CE28 /* chatViewComtroller.swift in Sources */ = {isa = PBXBuildFile; fileRef = 9C0F3C15294D96680031CE28 /* chatViewComtroller.swift */; };
		9C0F3C18294D96680031CE28 /* chatViewComtroller.swift in Sources */ = {isa = PBXBuildFile; fileRef = 9C0F3C15294D96680031CE28 /* chatViewComtroller.swift */; };
		9C461C82294720AD0065417E /* ColorExtention.swift in Sources */ = {isa = PBXBuildFile; fileRef = 9C461C81294720AD0065417E /* ColorExtention.swift */; };
		9C461C842947710E0065417E /* CustomBackButton.swift in Sources */ = {isa = PBXBuildFile; fileRef = 9C461C832947710E0065417E /* CustomBackButton.swift */; };
		9C7A0F9D29458444003644CB /* santaApp.swift in Sources */ = {isa = PBXBuildFile; fileRef = 9C7A0F9C29458444003644CB /* santaApp.swift */; };
		9C7A0F9F29458444003644CB /* ContentView.swift in Sources */ = {isa = PBXBuildFile; fileRef = 9C7A0F9E29458444003644CB /* ContentView.swift */; };
		9C7A0FA129458448003644CB /* Assets.xcassets in Resources */ = {isa = PBXBuildFile; fileRef = 9C7A0FA029458448003644CB /* Assets.xcassets */; };
		9C7A0FA429458448003644CB /* Preview Assets.xcassets in Resources */ = {isa = PBXBuildFile; fileRef = 9C7A0FA329458448003644CB /* Preview Assets.xcassets */; };
		9C7A0FAE29458449003644CB /* santaTests.swift in Sources */ = {isa = PBXBuildFile; fileRef = 9C7A0FAD29458449003644CB /* santaTests.swift */; };
		9C7A0FB829458449003644CB /* santaUITests.swift in Sources */ = {isa = PBXBuildFile; fileRef = 9C7A0FB729458449003644CB /* santaUITests.swift */; };
		9C7A0FBA29458449003644CB /* santaUITestsLaunchTests.swift in Sources */ = {isa = PBXBuildFile; fileRef = 9C7A0FB929458449003644CB /* santaUITestsLaunchTests.swift */; };
		9C8CB713294E0B2B00B896FE /* GoogleService-Info.plist in Resources */ = {isa = PBXBuildFile; fileRef = 9C8CB712294E0B2A00B896FE /* GoogleService-Info.plist */; };
		9C8CB714294E0B2B00B896FE /* GoogleService-Info.plist in Resources */ = {isa = PBXBuildFile; fileRef = 9C8CB712294E0B2A00B896FE /* GoogleService-Info.plist */; };
		9C8CB715294E0B2B00B896FE /* GoogleService-Info.plist in Resources */ = {isa = PBXBuildFile; fileRef = 9C8CB712294E0B2A00B896FE /* GoogleService-Info.plist */; };
		9CCA9F64294E1C2E0033A2A6 /* SwiftyGif in Frameworks */ = {isa = PBXBuildFile; productRef = 9CCA9F63294E1C2E0033A2A6 /* SwiftyGif */; };
		9CCA9F66294E1CB50033A2A6 /* UIGIFImageView.swift in Sources */ = {isa = PBXBuildFile; fileRef = 9CCA9F65294E1CB50033A2A6 /* UIGIFImageView.swift */; };
		9CFE599A2949FC7300FDFB93 /* 47699.otf in Resources */ = {isa = PBXBuildFile; fileRef = 9CFE59992949FC7300FDFB93 /* 47699.otf */; };
/* End PBXBuildFile section */

/* Begin PBXContainerItemProxy section */
		9C7A0FAA29458449003644CB /* PBXContainerItemProxy */ = {
			isa = PBXContainerItemProxy;
			containerPortal = 9C7A0F9129458444003644CB /* Project object */;
			proxyType = 1;
			remoteGlobalIDString = 9C7A0F9829458444003644CB;
			remoteInfo = santa;
		};
		9C7A0FB429458449003644CB /* PBXContainerItemProxy */ = {
			isa = PBXContainerItemProxy;
			containerPortal = 9C7A0F9129458444003644CB /* Project object */;
			proxyType = 1;
			remoteGlobalIDString = 9C7A0F9829458444003644CB;
			remoteInfo = santa;
		};
/* End PBXContainerItemProxy section */

/* Begin PBXFileReference section */
		201F676D294E3CB000F2E903 /* xmassongbgm.mp3 */ = {isa = PBXFileReference; lastKnownFileType = audio.mp3; path = xmassongbgm.mp3; sourceTree = "<group>"; };
		201F676F294E3EB000F2E903 /* Sound.swift */ = {isa = PBXFileReference; lastKnownFileType = sourcecode.swift; path = Sound.swift; sourceTree = "<group>"; };
		9C0F3C0C294CC9B30031CE28 /* calendarControll.swift */ = {isa = PBXFileReference; lastKnownFileType = sourcecode.swift; path = calendarControll.swift; sourceTree = "<group>"; };
		9C0F3C15294D96680031CE28 /* chatViewComtroller.swift */ = {isa = PBXFileReference; lastKnownFileType = sourcecode.swift; path = chatViewComtroller.swift; sourceTree = "<group>"; };
		9C461C81294720AD0065417E /* ColorExtention.swift */ = {isa = PBXFileReference; lastKnownFileType = sourcecode.swift; path = ColorExtention.swift; sourceTree = "<group>"; };
		9C461C832947710E0065417E /* CustomBackButton.swift */ = {isa = PBXFileReference; lastKnownFileType = sourcecode.swift; path = CustomBackButton.swift; sourceTree = "<group>"; };
		9C7A0F9929458444003644CB /* santa.app */ = {isa = PBXFileReference; explicitFileType = wrapper.application; includeInIndex = 0; path = santa.app; sourceTree = BUILT_PRODUCTS_DIR; };
		9C7A0F9C29458444003644CB /* santaApp.swift */ = {isa = PBXFileReference; lastKnownFileType = sourcecode.swift; path = santaApp.swift; sourceTree = "<group>"; };
		9C7A0F9E29458444003644CB /* ContentView.swift */ = {isa = PBXFileReference; lastKnownFileType = sourcecode.swift; path = ContentView.swift; sourceTree = "<group>"; };
		9C7A0FA029458448003644CB /* Assets.xcassets */ = {isa = PBXFileReference; lastKnownFileType = folder.assetcatalog; path = Assets.xcassets; sourceTree = "<group>"; };
		9C7A0FA329458448003644CB /* Preview Assets.xcassets */ = {isa = PBXFileReference; lastKnownFileType = folder.assetcatalog; path = "Preview Assets.xcassets"; sourceTree = "<group>"; };
		9C7A0FA929458449003644CB /* santaTests.xctest */ = {isa = PBXFileReference; explicitFileType = wrapper.cfbundle; includeInIndex = 0; path = santaTests.xctest; sourceTree = BUILT_PRODUCTS_DIR; };
		9C7A0FAD29458449003644CB /* santaTests.swift */ = {isa = PBXFileReference; lastKnownFileType = sourcecode.swift; path = santaTests.swift; sourceTree = "<group>"; };
		9C7A0FB329458449003644CB /* santaUITests.xctest */ = {isa = PBXFileReference; explicitFileType = wrapper.cfbundle; includeInIndex = 0; path = santaUITests.xctest; sourceTree = BUILT_PRODUCTS_DIR; };
		9C7A0FB729458449003644CB /* santaUITests.swift */ = {isa = PBXFileReference; lastKnownFileType = sourcecode.swift; path = santaUITests.swift; sourceTree = "<group>"; };
		9C7A0FB929458449003644CB /* santaUITestsLaunchTests.swift */ = {isa = PBXFileReference; lastKnownFileType = sourcecode.swift; path = santaUITestsLaunchTests.swift; sourceTree = "<group>"; };
		9C8CB712294E0B2A00B896FE /* GoogleService-Info.plist */ = {isa = PBXFileReference; fileEncoding = 4; lastKnownFileType = text.plist.xml; path = "GoogleService-Info.plist"; sourceTree = "<group>"; };
		9CCA9F65294E1CB50033A2A6 /* UIGIFImageView.swift */ = {isa = PBXFileReference; lastKnownFileType = sourcecode.swift; path = UIGIFImageView.swift; sourceTree = "<group>"; };
		9CFE59992949FC7300FDFB93 /* 47699.otf */ = {isa = PBXFileReference; lastKnownFileType = file; path = 47699.otf; sourceTree = "<group>"; };
		9CFE599B2949FD1600FDFB93 /* Info.plist */ = {isa = PBXFileReference; lastKnownFileType = text.plist; path = Info.plist; sourceTree = "<group>"; };
/* End PBXFileReference section */

/* Begin PBXFrameworksBuildPhase section */
		9C7A0F9629458444003644CB /* Frameworks */ = {
			isa = PBXFrameworksBuildPhase;
			buildActionMask = 2147483647;
			files = (
				9C0F3C14294CEEBD0031CE28 /* FirebaseFirestore in Frameworks */,
				9CCA9F64294E1C2E0033A2A6 /* SwiftyGif in Frameworks */,
			);
			runOnlyForDeploymentPostprocessing = 0;
		};
		9C7A0FA629458449003644CB /* Frameworks */ = {
			isa = PBXFrameworksBuildPhase;
			buildActionMask = 2147483647;
			files = (
			);
			runOnlyForDeploymentPostprocessing = 0;
		};
		9C7A0FB029458449003644CB /* Frameworks */ = {
			isa = PBXFrameworksBuildPhase;
			buildActionMask = 2147483647;
			files = (
			);
			runOnlyForDeploymentPostprocessing = 0;
		};
/* End PBXFrameworksBuildPhase section */

/* Begin PBXGroup section */
		9C7A0F9029458444003644CB = {
			isa = PBXGroup;
			children = (
				9C7A0F9B29458444003644CB /* santa */,
				9C7A0FAC29458449003644CB /* santaTests */,
				9C7A0FB629458449003644CB /* santaUITests */,
				9C7A0F9A29458444003644CB /* Products */,
			);
			sourceTree = "<group>";
		};
		9C7A0F9A29458444003644CB /* Products */ = {
			isa = PBXGroup;
			children = (
				9C7A0F9929458444003644CB /* santa.app */,
				9C7A0FA929458449003644CB /* santaTests.xctest */,
				9C7A0FB329458449003644CB /* santaUITests.xctest */,
			);
			name = Products;
			sourceTree = "<group>";
		};
		9C7A0F9B29458444003644CB /* santa */ = {
			isa = PBXGroup;
			children = (
				9CFE599B2949FD1600FDFB93 /* Info.plist */,
				9C7A0F9C29458444003644CB /* santaApp.swift */,
				9C7A0F9E29458444003644CB /* ContentView.swift */,
				9CCA9F65294E1CB50033A2A6 /* UIGIFImageView.swift */,
				9C0F3C0C294CC9B30031CE28 /* calendarControll.swift */,
				201F676F294E3EB000F2E903 /* Sound.swift */,
				9C0F3C15294D96680031CE28 /* chatViewComtroller.swift */,
				9C461C832947710E0065417E /* CustomBackButton.swift */,
				9CFE59992949FC7300FDFB93 /* 47699.otf */,
				201F676D294E3CB000F2E903 /* xmassongbgm.mp3 */,
				9C7A0FA029458448003644CB /* Assets.xcassets */,
				9C461C81294720AD0065417E /* ColorExtention.swift */,
				9C8CB712294E0B2A00B896FE /* GoogleService-Info.plist */,
				9C7A0FA229458448003644CB /* Preview Content */,
			);
			path = santa;
			sourceTree = "<group>";
		};
		9C7A0FA229458448003644CB /* Preview Content */ = {
			isa = PBXGroup;
			children = (
				9C7A0FA329458448003644CB /* Preview Assets.xcassets */,
			);
			path = "Preview Content";
			sourceTree = "<group>";
		};
		9C7A0FAC29458449003644CB /* santaTests */ = {
			isa = PBXGroup;
			children = (
				9C7A0FAD29458449003644CB /* santaTests.swift */,
			);
			path = santaTests;
			sourceTree = "<group>";
		};
		9C7A0FB629458449003644CB /* santaUITests */ = {
			isa = PBXGroup;
			children = (
				9C7A0FB729458449003644CB /* santaUITests.swift */,
				9C7A0FB929458449003644CB /* santaUITestsLaunchTests.swift */,
			);
			path = santaUITests;
			sourceTree = "<group>";
		};
/* End PBXGroup section */

/* Begin PBXNativeTarget section */
		9C7A0F9829458444003644CB /* santa */ = {
			isa = PBXNativeTarget;
			buildConfigurationList = 9C7A0FBD29458449003644CB /* Build configuration list for PBXNativeTarget "santa" */;
			buildPhases = (
				9C7A0F9529458444003644CB /* Sources */,
				9C7A0F9629458444003644CB /* Frameworks */,
				9C7A0F9729458444003644CB /* Resources */,
			);
			buildRules = (
			);
			dependencies = (
			);
			name = santa;
			packageProductDependencies = (
				9C0F3C13294CEEBD0031CE28 /* FirebaseFirestore */,
				9CCA9F63294E1C2E0033A2A6 /* SwiftyGif */,
			);
			productName = santa;
			productReference = 9C7A0F9929458444003644CB /* santa.app */;
			productType = "com.apple.product-type.application";
		};
		9C7A0FA829458449003644CB /* santaTests */ = {
			isa = PBXNativeTarget;
			buildConfigurationList = 9C7A0FC029458449003644CB /* Build configuration list for PBXNativeTarget "santaTests" */;
			buildPhases = (
				9C7A0FA529458449003644CB /* Sources */,
				9C7A0FA629458449003644CB /* Frameworks */,
				9C7A0FA729458449003644CB /* Resources */,
			);
			buildRules = (
			);
			dependencies = (
				9C7A0FAB29458449003644CB /* PBXTargetDependency */,
			);
			name = santaTests;
			productName = santaTests;
			productReference = 9C7A0FA929458449003644CB /* santaTests.xctest */;
			productType = "com.apple.product-type.bundle.unit-test";
		};
		9C7A0FB229458449003644CB /* santaUITests */ = {
			isa = PBXNativeTarget;
			buildConfigurationList = 9C7A0FC329458449003644CB /* Build configuration list for PBXNativeTarget "santaUITests" */;
			buildPhases = (
				9C7A0FAF29458449003644CB /* Sources */,
				9C7A0FB029458449003644CB /* Frameworks */,
				9C7A0FB129458449003644CB /* Resources */,
			);
			buildRules = (
			);
			dependencies = (
				9C7A0FB529458449003644CB /* PBXTargetDependency */,
			);
			name = santaUITests;
			productName = santaUITests;
			productReference = 9C7A0FB329458449003644CB /* santaUITests.xctest */;
			productType = "com.apple.product-type.bundle.ui-testing";
		};
/* End PBXNativeTarget section */

/* Begin PBXProject section */
		9C7A0F9129458444003644CB /* Project object */ = {
			isa = PBXProject;
			attributes = {
				BuildIndependentTargetsInParallel = 1;
				LastSwiftUpdateCheck = 1410;
				LastUpgradeCheck = 1410;
				TargetAttributes = {
					9C7A0F9829458444003644CB = {
						CreatedOnToolsVersion = 14.1;
					};
					9C7A0FA829458449003644CB = {
						CreatedOnToolsVersion = 14.1;
						TestTargetID = 9C7A0F9829458444003644CB;
					};
					9C7A0FB229458449003644CB = {
						CreatedOnToolsVersion = 14.1;
						TestTargetID = 9C7A0F9829458444003644CB;
					};
				};
			};
			buildConfigurationList = 9C7A0F9429458444003644CB /* Build configuration list for PBXProject "santa" */;
			compatibilityVersion = "Xcode 14.0";
			developmentRegion = en;
			hasScannedForEncodings = 0;
			knownRegions = (
				en,
				Base,
			);
			mainGroup = 9C7A0F9029458444003644CB;
			packageReferences = (
				9C0F3C12294CEEBD0031CE28 /* XCRemoteSwiftPackageReference "firebase-ios-sdk" */,
				9CCA9F62294E1C2D0033A2A6 /* XCRemoteSwiftPackageReference "SwiftyGif" */,
			);
			productRefGroup = 9C7A0F9A29458444003644CB /* Products */;
			projectDirPath = "";
			projectRoot = "";
			targets = (
				9C7A0F9829458444003644CB /* santa */,
				9C7A0FA829458449003644CB /* santaTests */,
				9C7A0FB229458449003644CB /* santaUITests */,
			);
		};
/* End PBXProject section */

/* Begin PBXResourcesBuildPhase section */
		9C7A0F9729458444003644CB /* Resources */ = {
			isa = PBXResourcesBuildPhase;
			buildActionMask = 2147483647;
			files = (
				9CFE599A2949FC7300FDFB93 /* 47699.otf in Resources */,
				9C8CB713294E0B2B00B896FE /* GoogleService-Info.plist in Resources */,
				9C7A0FA429458448003644CB /* Preview Assets.xcassets in Resources */,
				9C7A0FA129458448003644CB /* Assets.xcassets in Resources */,
				201F676E294E3CB100F2E903 /* xmassongbgm.mp3 in Resources */,
			);
			runOnlyForDeploymentPostprocessing = 0;
		};
		9C7A0FA729458449003644CB /* Resources */ = {
			isa = PBXResourcesBuildPhase;
			buildActionMask = 2147483647;
			files = (
				9C8CB714294E0B2B00B896FE /* GoogleService-Info.plist in Resources */,
			);
			runOnlyForDeploymentPostprocessing = 0;
		};
		9C7A0FB129458449003644CB /* Resources */ = {
			isa = PBXResourcesBuildPhase;
			buildActionMask = 2147483647;
			files = (
				9C8CB715294E0B2B00B896FE /* GoogleService-Info.plist in Resources */,
			);
			runOnlyForDeploymentPostprocessing = 0;
		};
/* End PBXResourcesBuildPhase section */

/* Begin PBXSourcesBuildPhase section */
		9C7A0F9529458444003644CB /* Sources */ = {
			isa = PBXSourcesBuildPhase;
			buildActionMask = 2147483647;
			files = (
				201F6770294E3EB000F2E903 /* Sound.swift in Sources */,
				9C461C82294720AD0065417E /* ColorExtention.swift in Sources */,
				9C0F3C16294D96680031CE28 /* chatViewComtroller.swift in Sources */,
				9CCA9F66294E1CB50033A2A6 /* UIGIFImageView.swift in Sources */,
				9C461C842947710E0065417E /* CustomBackButton.swift in Sources */,
				9C7A0F9F29458444003644CB /* ContentView.swift in Sources */,
				9C7A0F9D29458444003644CB /* santaApp.swift in Sources */,
				9C0F3C0D294CC9B30031CE28 /* calendarControll.swift in Sources */,
			);
			runOnlyForDeploymentPostprocessing = 0;
		};
		9C7A0FA529458449003644CB /* Sources */ = {
			isa = PBXSourcesBuildPhase;
			buildActionMask = 2147483647;
			files = (
				9C7A0FAE29458449003644CB /* santaTests.swift in Sources */,
				9C0F3C17294D96680031CE28 /* chatViewComtroller.swift in Sources */,
			);
			runOnlyForDeploymentPostprocessing = 0;
		};
		9C7A0FAF29458449003644CB /* Sources */ = {
			isa = PBXSourcesBuildPhase;
			buildActionMask = 2147483647;
			files = (
				9C7A0FBA29458449003644CB /* santaUITestsLaunchTests.swift in Sources */,
				9C0F3C18294D96680031CE28 /* chatViewComtroller.swift in Sources */,
				9C7A0FB829458449003644CB /* santaUITests.swift in Sources */,
			);
			runOnlyForDeploymentPostprocessing = 0;
		};
/* End PBXSourcesBuildPhase section */

/* Begin PBXTargetDependency section */
		9C7A0FAB29458449003644CB /* PBXTargetDependency */ = {
			isa = PBXTargetDependency;
			target = 9C7A0F9829458444003644CB /* santa */;
			targetProxy = 9C7A0FAA29458449003644CB /* PBXContainerItemProxy */;
		};
		9C7A0FB529458449003644CB /* PBXTargetDependency */ = {
			isa = PBXTargetDependency;
			target = 9C7A0F9829458444003644CB /* santa */;
			targetProxy = 9C7A0FB429458449003644CB /* PBXContainerItemProxy */;
		};
/* End PBXTargetDependency section */

/* Begin XCBuildConfiguration section */
		9C7A0FBB29458449003644CB /* Debug */ = {
			isa = XCBuildConfiguration;
			buildSettings = {
				ALWAYS_SEARCH_USER_PATHS = NO;
				CLANG_ANALYZER_NONNULL = YES;
				CLANG_ANALYZER_NUMBER_OBJECT_CONVERSION = YES_AGGRESSIVE;
				CLANG_CXX_LANGUAGE_STANDARD = "gnu++20";
				CLANG_ENABLE_MODULES = YES;
				CLANG_ENABLE_OBJC_ARC = YES;
				CLANG_ENABLE_OBJC_WEAK = YES;
				CLANG_WARN_BLOCK_CAPTURE_AUTORELEASING = YES;
				CLANG_WARN_BOOL_CONVERSION = YES;
				CLANG_WARN_COMMA = YES;
				CLANG_WARN_CONSTANT_CONVERSION = YES;
				CLANG_WARN_DEPRECATED_OBJC_IMPLEMENTATIONS = YES;
				CLANG_WARN_DIRECT_OBJC_ISA_USAGE = YES_ERROR;
				CLANG_WARN_DOCUMENTATION_COMMENTS = YES;
				CLANG_WARN_EMPTY_BODY = YES;
				CLANG_WARN_ENUM_CONVERSION = YES;
				CLANG_WARN_INFINITE_RECURSION = YES;
				CLANG_WARN_INT_CONVERSION = YES;
				CLANG_WARN_NON_LITERAL_NULL_CONVERSION = YES;
				CLANG_WARN_OBJC_IMPLICIT_RETAIN_SELF = YES;
				CLANG_WARN_OBJC_LITERAL_CONVERSION = YES;
				CLANG_WARN_OBJC_ROOT_CLASS = YES_ERROR;
				CLANG_WARN_QUOTED_INCLUDE_IN_FRAMEWORK_HEADER = YES;
				CLANG_WARN_RANGE_LOOP_ANALYSIS = YES;
				CLANG_WARN_STRICT_PROTOTYPES = YES;
				CLANG_WARN_SUSPICIOUS_MOVE = YES;
				CLANG_WARN_UNGUARDED_AVAILABILITY = YES_AGGRESSIVE;
				CLANG_WARN_UNREACHABLE_CODE = YES;
				CLANG_WARN__DUPLICATE_METHOD_MATCH = YES;
				COPY_PHASE_STRIP = NO;
				DEBUG_INFORMATION_FORMAT = dwarf;
				ENABLE_STRICT_OBJC_MSGSEND = YES;
				ENABLE_TESTABILITY = YES;
				GCC_C_LANGUAGE_STANDARD = gnu11;
				GCC_DYNAMIC_NO_PIC = NO;
				GCC_NO_COMMON_BLOCKS = YES;
				GCC_OPTIMIZATION_LEVEL = 0;
				GCC_PREPROCESSOR_DEFINITIONS = (
					"DEBUG=1",
					"$(inherited)",
				);
				GCC_WARN_64_TO_32_BIT_CONVERSION = YES;
				GCC_WARN_ABOUT_RETURN_TYPE = YES_ERROR;
				GCC_WARN_UNDECLARED_SELECTOR = YES;
				GCC_WARN_UNINITIALIZED_AUTOS = YES_AGGRESSIVE;
				GCC_WARN_UNUSED_FUNCTION = YES;
				GCC_WARN_UNUSED_VARIABLE = YES;
				IPHONEOS_DEPLOYMENT_TARGET = 16.1;
				MTL_ENABLE_DEBUG_INFO = INCLUDE_SOURCE;
				MTL_FAST_MATH = YES;
				ONLY_ACTIVE_ARCH = YES;
				SDKROOT = iphoneos;
				SWIFT_ACTIVE_COMPILATION_CONDITIONS = DEBUG;
				SWIFT_OPTIMIZATION_LEVEL = "-Onone";
			};
			name = Debug;
		};
		9C7A0FBC29458449003644CB /* Release */ = {
			isa = XCBuildConfiguration;
			buildSettings = {
				ALWAYS_SEARCH_USER_PATHS = NO;
				CLANG_ANALYZER_NONNULL = YES;
				CLANG_ANALYZER_NUMBER_OBJECT_CONVERSION = YES_AGGRESSIVE;
				CLANG_CXX_LANGUAGE_STANDARD = "gnu++20";
				CLANG_ENABLE_MODULES = YES;
				CLANG_ENABLE_OBJC_ARC = YES;
				CLANG_ENABLE_OBJC_WEAK = YES;
				CLANG_WARN_BLOCK_CAPTURE_AUTORELEASING = YES;
				CLANG_WARN_BOOL_CONVERSION = YES;
				CLANG_WARN_COMMA = YES;
				CLANG_WARN_CONSTANT_CONVERSION = YES;
				CLANG_WARN_DEPRECATED_OBJC_IMPLEMENTATIONS = YES;
				CLANG_WARN_DIRECT_OBJC_ISA_USAGE = YES_ERROR;
				CLANG_WARN_DOCUMENTATION_COMMENTS = YES;
				CLANG_WARN_EMPTY_BODY = YES;
				CLANG_WARN_ENUM_CONVERSION = YES;
				CLANG_WARN_INFINITE_RECURSION = YES;
				CLANG_WARN_INT_CONVERSION = YES;
				CLANG_WARN_NON_LITERAL_NULL_CONVERSION = YES;
				CLANG_WARN_OBJC_IMPLICIT_RETAIN_SELF = YES;
				CLANG_WARN_OBJC_LITERAL_CONVERSION = YES;
				CLANG_WARN_OBJC_ROOT_CLASS = YES_ERROR;
				CLANG_WARN_QUOTED_INCLUDE_IN_FRAMEWORK_HEADER = YES;
				CLANG_WARN_RANGE_LOOP_ANALYSIS = YES;
				CLANG_WARN_STRICT_PROTOTYPES = YES;
				CLANG_WARN_SUSPICIOUS_MOVE = YES;
				CLANG_WARN_UNGUARDED_AVAILABILITY = YES_AGGRESSIVE;
				CLANG_WARN_UNREACHABLE_CODE = YES;
				CLANG_WARN__DUPLICATE_METHOD_MATCH = YES;
				COPY_PHASE_STRIP = NO;
				DEBUG_INFORMATION_FORMAT = "dwarf-with-dsym";
				ENABLE_NS_ASSERTIONS = NO;
				ENABLE_STRICT_OBJC_MSGSEND = YES;
				GCC_C_LANGUAGE_STANDARD = gnu11;
				GCC_NO_COMMON_BLOCKS = YES;
				GCC_WARN_64_TO_32_BIT_CONVERSION = YES;
				GCC_WARN_ABOUT_RETURN_TYPE = YES_ERROR;
				GCC_WARN_UNDECLARED_SELECTOR = YES;
				GCC_WARN_UNINITIALIZED_AUTOS = YES_AGGRESSIVE;
				GCC_WARN_UNUSED_FUNCTION = YES;
				GCC_WARN_UNUSED_VARIABLE = YES;
				IPHONEOS_DEPLOYMENT_TARGET = 16.1;
				MTL_ENABLE_DEBUG_INFO = NO;
				MTL_FAST_MATH = YES;
				SDKROOT = iphoneos;
				SWIFT_COMPILATION_MODE = wholemodule;
				SWIFT_OPTIMIZATION_LEVEL = "-O";
				VALIDATE_PRODUCT = YES;
			};
			name = Release;
		};
		9C7A0FBE29458449003644CB /* Debug */ = {
			isa = XCBuildConfiguration;
			buildSettings = {
				ASSETCATALOG_COMPILER_APPICON_NAME = AppIcon;
				ASSETCATALOG_COMPILER_GLOBAL_ACCENT_COLOR_NAME = AccentColor;
				CODE_SIGN_STYLE = Automatic;
				CURRENT_PROJECT_VERSION = 1;
				DEVELOPMENT_ASSET_PATHS = "\"santa/Preview Content\"";
				ENABLE_PREVIEWS = YES;
				GENERATE_INFOPLIST_FILE = YES;
				INFOPLIST_FILE = santa/Info.plist;
				INFOPLIST_KEY_NSCalendarsUsageDescription = "カレンダーのためのやつ";
				INFOPLIST_KEY_UIApplicationSceneManifest_Generation = YES;
				INFOPLIST_KEY_UIApplicationSupportsIndirectInputEvents = YES;
				INFOPLIST_KEY_UILaunchScreen_Generation = YES;
				INFOPLIST_KEY_UISupportedInterfaceOrientations_iPad = "UIInterfaceOrientationPortrait UIInterfaceOrientationPortraitUpsideDown UIInterfaceOrientationLandscapeLeft UIInterfaceOrientationLandscapeRight";
				INFOPLIST_KEY_UISupportedInterfaceOrientations_iPhone = "UIInterfaceOrientationPortrait UIInterfaceOrientationLandscapeLeft UIInterfaceOrientationLandscapeRight";
				LD_RUNPATH_SEARCH_PATHS = (
					"$(inherited)",
					"@executable_path/Frameworks",
				);
				MARKETING_VERSION = 1.0;
				PRODUCT_BUNDLE_IDENTIFIER = "com.hasu-non-sucre.santa";
				PRODUCT_NAME = "$(TARGET_NAME)";
				SWIFT_EMIT_LOC_STRINGS = YES;
				SWIFT_VERSION = 5.0;
				TARGETED_DEVICE_FAMILY = "1,2";
			};
			name = Debug;
		};
		9C7A0FBF29458449003644CB /* Release */ = {
			isa = XCBuildConfiguration;
			buildSettings = {
				ASSETCATALOG_COMPILER_APPICON_NAME = AppIcon;
				ASSETCATALOG_COMPILER_GLOBAL_ACCENT_COLOR_NAME = AccentColor;
				CODE_SIGN_STYLE = Automatic;
				CURRENT_PROJECT_VERSION = 1;
				DEVELOPMENT_ASSET_PATHS = "\"santa/Preview Content\"";
				ENABLE_PREVIEWS = YES;
				GENERATE_INFOPLIST_FILE = YES;
				INFOPLIST_FILE = santa/Info.plist;
				INFOPLIST_KEY_NSCalendarsUsageDescription = "カレンダーのためのやつ";
				INFOPLIST_KEY_UIApplicationSceneManifest_Generation = YES;
				INFOPLIST_KEY_UIApplicationSupportsIndirectInputEvents = YES;
				INFOPLIST_KEY_UILaunchScreen_Generation = YES;
				INFOPLIST_KEY_UISupportedInterfaceOrientations_iPad = "UIInterfaceOrientationPortrait UIInterfaceOrientationPortraitUpsideDown UIInterfaceOrientationLandscapeLeft UIInterfaceOrientationLandscapeRight";
				INFOPLIST_KEY_UISupportedInterfaceOrientations_iPhone = "UIInterfaceOrientationPortrait UIInterfaceOrientationLandscapeLeft UIInterfaceOrientationLandscapeRight";
				LD_RUNPATH_SEARCH_PATHS = (
					"$(inherited)",
					"@executable_path/Frameworks",
				);
				MARKETING_VERSION = 1.0;
				PRODUCT_BUNDLE_IDENTIFIER = "com.hasu-non-sucre.santa";
				PRODUCT_NAME = "$(TARGET_NAME)";
				SWIFT_EMIT_LOC_STRINGS = YES;
				SWIFT_VERSION = 5.0;
				TARGETED_DEVICE_FAMILY = "1,2";
			};
			name = Release;
		};
		9C7A0FC129458449003644CB /* Debug */ = {
			isa = XCBuildConfiguration;
			buildSettings = {
				ALWAYS_EMBED_SWIFT_STANDARD_LIBRARIES = YES;
				BUNDLE_LOADER = "$(TEST_HOST)";
				CODE_SIGN_STYLE = Automatic;
				CURRENT_PROJECT_VERSION = 1;
				GENERATE_INFOPLIST_FILE = YES;
				IPHONEOS_DEPLOYMENT_TARGET = 16.1;
				MARKETING_VERSION = 1.0;
				PRODUCT_BUNDLE_IDENTIFIER = "com.hasu-non-sucre.santaTests";
				PRODUCT_NAME = "$(TARGET_NAME)";
				SWIFT_EMIT_LOC_STRINGS = NO;
				SWIFT_VERSION = 5.0;
				TARGETED_DEVICE_FAMILY = "1,2";
				TEST_HOST = "$(BUILT_PRODUCTS_DIR)/santa.app/$(BUNDLE_EXECUTABLE_FOLDER_PATH)/santa";
			};
			name = Debug;
		};
		9C7A0FC229458449003644CB /* Release */ = {
			isa = XCBuildConfiguration;
			buildSettings = {
				ALWAYS_EMBED_SWIFT_STANDARD_LIBRARIES = YES;
				BUNDLE_LOADER = "$(TEST_HOST)";
				CODE_SIGN_STYLE = Automatic;
				CURRENT_PROJECT_VERSION = 1;
				GENERATE_INFOPLIST_FILE = YES;
				IPHONEOS_DEPLOYMENT_TARGET = 16.1;
				MARKETING_VERSION = 1.0;
				PRODUCT_BUNDLE_IDENTIFIER = "com.hasu-non-sucre.santaTests";
				PRODUCT_NAME = "$(TARGET_NAME)";
				SWIFT_EMIT_LOC_STRINGS = NO;
				SWIFT_VERSION = 5.0;
				TARGETED_DEVICE_FAMILY = "1,2";
				TEST_HOST = "$(BUILT_PRODUCTS_DIR)/santa.app/$(BUNDLE_EXECUTABLE_FOLDER_PATH)/santa";
			};
			name = Release;
		};
		9C7A0FC429458449003644CB /* Debug */ = {
			isa = XCBuildConfiguration;
			buildSettings = {
				ALWAYS_EMBED_SWIFT_STANDARD_LIBRARIES = YES;
				CODE_SIGN_STYLE = Automatic;
				CURRENT_PROJECT_VERSION = 1;
				GENERATE_INFOPLIST_FILE = YES;
				MARKETING_VERSION = 1.0;
				PRODUCT_BUNDLE_IDENTIFIER = "com.hasu-non-sucre.santaUITests";
				PRODUCT_NAME = "$(TARGET_NAME)";
				SWIFT_EMIT_LOC_STRINGS = NO;
				SWIFT_VERSION = 5.0;
				TARGETED_DEVICE_FAMILY = "1,2";
				TEST_TARGET_NAME = santa;
			};
			name = Debug;
		};
		9C7A0FC529458449003644CB /* Release */ = {
			isa = XCBuildConfiguration;
			buildSettings = {
				ALWAYS_EMBED_SWIFT_STANDARD_LIBRARIES = YES;
				CODE_SIGN_STYLE = Automatic;
				CURRENT_PROJECT_VERSION = 1;
				GENERATE_INFOPLIST_FILE = YES;
				MARKETING_VERSION = 1.0;
				PRODUCT_BUNDLE_IDENTIFIER = "com.hasu-non-sucre.santaUITests";
				PRODUCT_NAME = "$(TARGET_NAME)";
				SWIFT_EMIT_LOC_STRINGS = NO;
				SWIFT_VERSION = 5.0;
				TARGETED_DEVICE_FAMILY = "1,2";
				TEST_TARGET_NAME = santa;
			};
			name = Release;
		};
/* End XCBuildConfiguration section */

/* Begin XCConfigurationList section */
		9C7A0F9429458444003644CB /* Build configuration list for PBXProject "santa" */ = {
			isa = XCConfigurationList;
			buildConfigurations = (
				9C7A0FBB29458449003644CB /* Debug */,
				9C7A0FBC29458449003644CB /* Release */,
			);
			defaultConfigurationIsVisible = 0;
			defaultConfigurationName = Release;
		};
		9C7A0FBD29458449003644CB /* Build configuration list for PBXNativeTarget "santa" */ = {
			isa = XCConfigurationList;
			buildConfigurations = (
				9C7A0FBE29458449003644CB /* Debug */,
				9C7A0FBF29458449003644CB /* Release */,
			);
			defaultConfigurationIsVisible = 0;
			defaultConfigurationName = Release;
		};
		9C7A0FC029458449003644CB /* Build configuration list for PBXNativeTarget "santaTests" */ = {
			isa = XCConfigurationList;
			buildConfigurations = (
				9C7A0FC129458449003644CB /* Debug */,
				9C7A0FC229458449003644CB /* Release */,
			);
			defaultConfigurationIsVisible = 0;
			defaultConfigurationName = Release;
		};
		9C7A0FC329458449003644CB /* Build configuration list for PBXNativeTarget "santaUITests" */ = {
			isa = XCConfigurationList;
			buildConfigurations = (
				9C7A0FC429458449003644CB /* Debug */,
				9C7A0FC529458449003644CB /* Release */,
			);
			defaultConfigurationIsVisible = 0;
			defaultConfigurationName = Release;
		};
/* End XCConfigurationList section */

/* Begin XCRemoteSwiftPackageReference section */
		9C0F3C12294CEEBD0031CE28 /* XCRemoteSwiftPackageReference "firebase-ios-sdk" */ = {
			isa = XCRemoteSwiftPackageReference;
			repositoryURL = "https://github.com/firebase/firebase-ios-sdk";
			requirement = {
				branch = master;
				kind = branch;
			};
		};
		9CCA9F62294E1C2D0033A2A6 /* XCRemoteSwiftPackageReference "SwiftyGif" */ = {
			isa = XCRemoteSwiftPackageReference;
			repositoryURL = "https://github.com/kirualex/SwiftyGif";
			requirement = {
				branch = master;
				kind = branch;
			};
		};
/* End XCRemoteSwiftPackageReference section */

/* Begin XCSwiftPackageProductDependency section */
		9C0F3C13294CEEBD0031CE28 /* FirebaseFirestore */ = {
			isa = XCSwiftPackageProductDependency;
			package = 9C0F3C12294CEEBD0031CE28 /* XCRemoteSwiftPackageReference "firebase-ios-sdk" */;
			productName = FirebaseFirestore;
		};
		9CCA9F63294E1C2E0033A2A6 /* SwiftyGif */ = {
			isa = XCSwiftPackageProductDependency;
			package = 9CCA9F62294E1C2D0033A2A6 /* XCRemoteSwiftPackageReference "SwiftyGif" */;
			productName = SwiftyGif;
		};
/* End XCSwiftPackageProductDependency section */
	};
	rootObject = 9C7A0F9129458444003644CB /* Project object */;
}
